{
  "requires": true,
  "lockfileVersion": 1,
  "dependencies": {
    "bootswatch": {
      "version": "5.1.1",
      "resolved": "https://registry.npmjs.org/bootswatch/-/bootswatch-5.1.1.tgz",
      "integrity": "sha512-RL27y1hKIi7y9N+4C1fqQb3po/s3QRMltuGYyX5GMT9RbpTJ6M0658uKOBIHUIigf2BxAlrwzkX0qMA+49bIHA=="
    }
  }
}
